
Microsoft Visual Studio Solution File, Format Version 12.00
Project("{FAE04EC0-301F-11D3-BF4B-00C04F79EFBC}") = "NetTool.Lib", "NetTool.Lib\NetTool.Lib.csproj", "{E05751F1-BF1B-4F6B-A93A-7D1721D6A844}"
EndProject
Project("{FAE04EC0-301F-11D3-BF4B-00C04F79EFBC}") = "NetTool.Module", "NetTool.Module\NetTool.Module.csproj", "{12BA4F63-1277-4F14-ACC0-8D547995B00C}"
EndProject
Project("{FAE04EC0-301F-11D3-BF4B-00C04F79EFBC}") = "NetTool", "NetTool\NetTool.csproj", "{13907143-A6FD-4329-859E-6755B29A24A9}"
EndProject
Project("{2150E333-8FDC-42A3-9474-1A3956D46DE8}") = "Common", "Common", "{BAEAEC7D-46BD-4765-917A-DBA6DD2B74A3}"
EndProject
Project("{FAE04EC0-301F-11D3-BF4B-00C04F79EFBC}") = "Common.Lib", "Common\src\Common.Lib\Common.Lib.csproj", "{0A19FD1B-EE65-4CBE-B09B-666AC948F191}"
EndProject
Project("{FAE04EC0-301F-11D3-BF4B-00C04F79EFBC}") = "Common.Mvvm", "Common\src\Common.Mvvm\Common.Mvvm.csproj", "{E4F2B0CC-80CD-4B4F-9B02-B4E8B11416D2}"
EndProject
Project("{FAE04EC0-301F-11D3-BF4B-00C04F79EFBC}") = "Common.WPF", "Common.WPF\Common.WPF.csproj", "{79FAEAF4-E0BA-4DC4-92C1-8F96D8E86F37}"
EndProject
Project("{FAE04EC0-301F-11D3-BF4B-00C04F79EFBC}") = "NetTool.Tcp", "NetTool.Tcp\NetTool.Tcp.csproj", "{12707318-8BF0-4F3A-BBBB-7F8DE84E7B90}"
EndProject
Global
	GlobalSection(SolutionConfigurationPlatforms) = preSolution
		Debug|Any CPU = Debug|Any CPU
		Release|Any CPU = Release|Any CPU
	EndGlobalSection
	GlobalSection(ProjectConfigurationPlatforms) = postSolution
		{E05751F1-BF1B-4F6B-A93A-7D1721D6A844}.Debug|Any CPU.ActiveCfg = Debug|Any CPU
		{E05751F1-BF1B-4F6B-A93A-7D1721D6A844}.Debug|Any CPU.Build.0 = Debug|Any CPU
		{E05751F1-BF1B-4F6B-A93A-7D1721D6A844}.Release|Any CPU.ActiveCfg = Release|Any CPU
		{E05751F1-BF1B-4F6B-A93A-7D1721D6A844}.Release|Any CPU.Build.0 = Release|Any CPU
		{12BA4F63-1277-4F14-ACC0-8D547995B00C}.Debug|Any CPU.ActiveCfg = Debug|Any CPU
		{12BA4F63-1277-4F14-ACC0-8D547995B00C}.Debug|Any CPU.Build.0 = Debug|Any CPU
		{12BA4F63-1277-4F14-ACC0-8D547995B00C}.Release|Any CPU.ActiveCfg = Release|Any CPU
		{12BA4F63-1277-4F14-ACC0-8D547995B00C}.Release|Any CPU.Build.0 = Release|Any CPU
		{13907143-A6FD-4329-859E-6755B29A24A9}.Debug|Any CPU.ActiveCfg = Debug|Any CPU
		{13907143-A6FD-4329-859E-6755B29A24A9}.Debug|Any CPU.Build.0 = Debug|Any CPU
		{13907143-A6FD-4329-859E-6755B29A24A9}.Release|Any CPU.ActiveCfg = Release|Any CPU
		{13907143-A6FD-4329-859E-6755B29A24A9}.Release|Any CPU.Build.0 = Release|Any CPU
		{0A19FD1B-EE65-4CBE-B09B-666AC948F191}.Debug|Any CPU.ActiveCfg = Debug|Any CPU
		{0A19FD1B-EE65-4CBE-B09B-666AC948F191}.Debug|Any CPU.Build.0 = Debug|Any CPU
		{0A19FD1B-EE65-4CBE-B09B-666AC948F191}.Release|Any CPU.ActiveCfg = Release|Any CPU
		{0A19FD1B-EE65-4CBE-B09B-666AC948F191}.Release|Any CPU.Build.0 = Release|Any CPU
		{E4F2B0CC-80CD-4B4F-9B02-B4E8B11416D2}.Debug|Any CPU.ActiveCfg = Debug|Any CPU
		{E4F2B0CC-80CD-4B4F-9B02-B4E8B11416D2}.Debug|Any CPU.Build.0 = Debug|Any CPU
		{E4F2B0CC-80CD-4B4F-9B02-B4E8B11416D2}.Release|Any CPU.ActiveCfg = Release|Any CPU
		{E4F2B0CC-80CD-4B4F-9B02-B4E8B11416D2}.Release|Any CPU.Build.0 = Release|Any CPU
		{79FAEAF4-E0BA-4DC4-92C1-8F96D8E86F37}.Debug|Any CPU.ActiveCfg = Debug|Any CPU
		{79FAEAF4-E0BA-4DC4-92C1-8F96D8E86F37}.Debug|Any CPU.Build.0 = Debug|Any CPU
		{79FAEAF4-E0BA-4DC4-92C1-8F96D8E86F37}.Release|Any CPU.ActiveCfg = Release|Any CPU
		{79FAEAF4-E0BA-4DC4-92C1-8F96D8E86F37}.Release|Any CPU.Build.0 = Release|Any CPU
		{12707318-8BF0-4F3A-BBBB-7F8DE84E7B90}.Debug|Any CPU.ActiveCfg = Debug|Any CPU
		{12707318-8BF0-4F3A-BBBB-7F8DE84E7B90}.Debug|Any CPU.Build.0 = Debug|Any CPU
		{12707318-8BF0-4F3A-BBBB-7F8DE84E7B90}.Release|Any CPU.ActiveCfg = Release|Any CPU
		{12707318-8BF0-4F3A-BBBB-7F8DE84E7B90}.Release|Any CPU.Build.0 = Release|Any CPU
	EndGlobalSection
	GlobalSection(NestedProjects) = preSolution
		{0A19FD1B-EE65-4CBE-B09B-666AC948F191} = {BAEAEC7D-46BD-4765-917A-DBA6DD2B74A3}
		{E4F2B0CC-80CD-4B4F-9B02-B4E8B11416D2} = {BAEAEC7D-46BD-4765-917A-DBA6DD2B74A3}
	EndGlobalSection
EndGlobal
