
Microsoft Visual Studio Solution File, Format Version 12.00
Project("{FAE04EC0-301F-11D3-BF4B-00C04F79EFBC}") = "Comm.Lib", "Comm.Lib\Comm.Lib.csproj", "{E05751F1-BF1B-4F6B-A93A-7D1721D6A844}"
EndProject
Project("{FAE04EC0-301F-11D3-BF4B-00C04F79EFBC}") = "Comm.Service", "Comm.Service\Comm.Service.csproj", "{12BA4F63-1277-4F14-ACC0-8D547995B00C}"
EndProject
Project("{FAE04EC0-301F-11D3-BF4B-00C04F79EFBC}") = "Comm.WPF", "Comm.WPF\Comm.WPF.csproj", "{13907143-A6FD-4329-859E-6755B29A24A9}"
EndProject
Project("{2150E333-8FDC-42A3-9474-1A3956D46DE8}") = "Common", "Common", "{BAEAEC7D-46BD-4765-917A-DBA6DD2B74A3}"
EndProject
Project("{FAE04EC0-301F-11D3-BF4B-00C04F79EFBC}") = "Common.Lib", "Common\src\Common.Lib\Common.Lib.csproj", "{0A19FD1B-EE65-4CBE-B09B-666AC948F191}"
EndProject
Project("{FAE04EC0-301F-11D3-BF4B-00C04F79EFBC}") = "Common.Mvvm", "Common\src\Common.Mvvm\Common.Mvvm.csproj", "{E4F2B0CC-80CD-4B4F-9B02-B4E8B11416D2}"
EndProject
Project("{FAE04EC0-301F-11D3-BF4B-00C04F79EFBC}") = "Common.WPF", "Common\src\Common.WPF\Common.WPF.csproj", "{3FFE634B-6726-4BEC-952A-78EE0F6FB2CC}"
EndProject
Project("{FAE04EC0-301F-11D3-BF4B-00C04F79EFBC}") = "SerialPort", "SerialPort\SerialPort.csproj", "{9E7A92B7-2E74-439B-B698-22A6224791ED}"
EndProject
Project("{FAE04EC0-301F-11D3-BF4B-00C04F79EFBC}") = "TcpClient", "TcpClient\TcpClient.csproj", "{B53B14BD-2BB9-4C65-A824-CBBAD2DF9699}"
EndProject
Project("{FAE04EC0-301F-11D3-BF4B-00C04F79EFBC}") = "TcpServer", "TcpServer\TcpServer.csproj", "{4C227032-7EA2-44F1-BC34-3787606CFB5F}"
EndProject
Project("{FAE04EC0-301F-11D3-BF4B-00C04F79EFBC}") = "Udp", "Udp\Udp.csproj", "{5192A9E7-FF03-4B14-8BAE-3C9FEC955FC9}"
EndProject
Global
	GlobalSection(SolutionConfigurationPlatforms) = preSolution
		Debug|Any CPU = Debug|Any CPU
		Release|Any CPU = Release|Any CPU
	EndGlobalSection
	GlobalSection(ProjectConfigurationPlatforms) = postSolution
		{E05751F1-BF1B-4F6B-A93A-7D1721D6A844}.Debug|Any CPU.ActiveCfg = Debug|Any CPU
		{E05751F1-BF1B-4F6B-A93A-7D1721D6A844}.Debug|Any CPU.Build.0 = Debug|Any CPU
		{E05751F1-BF1B-4F6B-A93A-7D1721D6A844}.Release|Any CPU.ActiveCfg = Release|Any CPU
		{E05751F1-BF1B-4F6B-A93A-7D1721D6A844}.Release|Any CPU.Build.0 = Release|Any CPU
		{12BA4F63-1277-4F14-ACC0-8D547995B00C}.Debug|Any CPU.ActiveCfg = Debug|Any CPU
		{12BA4F63-1277-4F14-ACC0-8D547995B00C}.Debug|Any CPU.Build.0 = Debug|Any CPU
		{12BA4F63-1277-4F14-ACC0-8D547995B00C}.Release|Any CPU.ActiveCfg = Release|Any CPU
		{12BA4F63-1277-4F14-ACC0-8D547995B00C}.Release|Any CPU.Build.0 = Release|Any CPU
		{13907143-A6FD-4329-859E-6755B29A24A9}.Debug|Any CPU.ActiveCfg = Debug|Any CPU
		{13907143-A6FD-4329-859E-6755B29A24A9}.Debug|Any CPU.Build.0 = Debug|Any CPU
		{13907143-A6FD-4329-859E-6755B29A24A9}.Release|Any CPU.ActiveCfg = Release|Any CPU
		{13907143-A6FD-4329-859E-6755B29A24A9}.Release|Any CPU.Build.0 = Release|Any CPU
		{0A19FD1B-EE65-4CBE-B09B-666AC948F191}.Debug|Any CPU.ActiveCfg = Debug|Any CPU
		{0A19FD1B-EE65-4CBE-B09B-666AC948F191}.Debug|Any CPU.Build.0 = Debug|Any CPU
		{0A19FD1B-EE65-4CBE-B09B-666AC948F191}.Release|Any CPU.ActiveCfg = Release|Any CPU
		{0A19FD1B-EE65-4CBE-B09B-666AC948F191}.Release|Any CPU.Build.0 = Release|Any CPU
		{E4F2B0CC-80CD-4B4F-9B02-B4E8B11416D2}.Debug|Any CPU.ActiveCfg = Debug|Any CPU
		{E4F2B0CC-80CD-4B4F-9B02-B4E8B11416D2}.Debug|Any CPU.Build.0 = Debug|Any CPU
		{E4F2B0CC-80CD-4B4F-9B02-B4E8B11416D2}.Release|Any CPU.ActiveCfg = Release|Any CPU
		{E4F2B0CC-80CD-4B4F-9B02-B4E8B11416D2}.Release|Any CPU.Build.0 = Release|Any CPU
		{3FFE634B-6726-4BEC-952A-78EE0F6FB2CC}.Debug|Any CPU.ActiveCfg = Debug|Any CPU
		{3FFE634B-6726-4BEC-952A-78EE0F6FB2CC}.Debug|Any CPU.Build.0 = Debug|Any CPU
		{3FFE634B-6726-4BEC-952A-78EE0F6FB2CC}.Release|Any CPU.ActiveCfg = Release|Any CPU
		{3FFE634B-6726-4BEC-952A-78EE0F6FB2CC}.Release|Any CPU.Build.0 = Release|Any CPU
		{9E7A92B7-2E74-439B-B698-22A6224791ED}.Debug|Any CPU.ActiveCfg = Debug|Any CPU
		{9E7A92B7-2E74-439B-B698-22A6224791ED}.Debug|Any CPU.Build.0 = Debug|Any CPU
		{9E7A92B7-2E74-439B-B698-22A6224791ED}.Release|Any CPU.ActiveCfg = Release|Any CPU
		{9E7A92B7-2E74-439B-B698-22A6224791ED}.Release|Any CPU.Build.0 = Release|Any CPU
		{B53B14BD-2BB9-4C65-A824-CBBAD2DF9699}.Debug|Any CPU.ActiveCfg = Debug|Any CPU
		{B53B14BD-2BB9-4C65-A824-CBBAD2DF9699}.Debug|Any CPU.Build.0 = Debug|Any CPU
		{B53B14BD-2BB9-4C65-A824-CBBAD2DF9699}.Release|Any CPU.ActiveCfg = Release|Any CPU
		{B53B14BD-2BB9-4C65-A824-CBBAD2DF9699}.Release|Any CPU.Build.0 = Release|Any CPU
		{4C227032-7EA2-44F1-BC34-3787606CFB5F}.Debug|Any CPU.ActiveCfg = Debug|Any CPU
		{4C227032-7EA2-44F1-BC34-3787606CFB5F}.Debug|Any CPU.Build.0 = Debug|Any CPU
		{4C227032-7EA2-44F1-BC34-3787606CFB5F}.Release|Any CPU.ActiveCfg = Release|Any CPU
		{4C227032-7EA2-44F1-BC34-3787606CFB5F}.Release|Any CPU.Build.0 = Release|Any CPU
		{5192A9E7-FF03-4B14-8BAE-3C9FEC955FC9}.Debug|Any CPU.ActiveCfg = Debug|Any CPU
		{5192A9E7-FF03-4B14-8BAE-3C9FEC955FC9}.Debug|Any CPU.Build.0 = Debug|Any CPU
		{5192A9E7-FF03-4B14-8BAE-3C9FEC955FC9}.Release|Any CPU.ActiveCfg = Release|Any CPU
		{5192A9E7-FF03-4B14-8BAE-3C9FEC955FC9}.Release|Any CPU.Build.0 = Release|Any CPU
	EndGlobalSection
	GlobalSection(NestedProjects) = preSolution
		{0A19FD1B-EE65-4CBE-B09B-666AC948F191} = {BAEAEC7D-46BD-4765-917A-DBA6DD2B74A3}
		{E4F2B0CC-80CD-4B4F-9B02-B4E8B11416D2} = {BAEAEC7D-46BD-4765-917A-DBA6DD2B74A3}
		{3FFE634B-6726-4BEC-952A-78EE0F6FB2CC} = {BAEAEC7D-46BD-4765-917A-DBA6DD2B74A3}
	EndGlobalSection
EndGlobal
